
Microsoft Visual Studio Solution File, Format Version 12.00
# Visual Studio Version 16
VisualStudioVersion = 16.0.28922.388
MinimumVisualStudioVersion = 10.0.40219.1
Project("{FAE04EC0-301F-11D3-BF4B-00C04F79EFBC}") = "MultiVSubprocess", "MultiVSubprocess.csproj", "{5602DD20-B327-487C-81AC-D2451FDC3B18}"
EndProject
Global
	GlobalSection(SolutionConfigurationPlatforms) = preSolution
		Debug|Any CPU = Debug|Any CPU
		Release|Any CPU = Release|Any CPU
	EndGlobalSection
	GlobalSection(ProjectConfigurationPlatforms) = postSolution
		{5602DD20-B327-487C-81AC-D2451FDC3B18}.Debug|Any CPU.ActiveCfg = Debug|Any CPU
		{5602DD20-B327-487C-81AC-D2451FDC3B18}.Debug|Any CPU.Build.0 = Debug|Any CPU
		{5602DD20-B327-487C-81AC-D2451FDC3B18}.Release|Any CPU.ActiveCfg = Release|Any CPU
		{5602DD20-B327-487C-81AC-D2451FDC3B18}.Release|Any CPU.Build.0 = Release|Any CPU
	EndGlobalSection
	GlobalSection(SolutionProperties) = preSolution
		HideSolutionNode = FALSE
	EndGlobalSection
	GlobalSection(ExtensibilityGlobals) = postSolution
		SolutionGuid = {33BDA4AD-6C32-4AB2-B2FC-506AAB94733A}
	EndGlobalSection
EndGlobal
